version: 6
environments:
  default:
    channels:
    - url: https://conda.anaconda.org/conda-forge/
    options:
      pypi-prerelease-mode: if-necessary-or-explicit
    packages:
      linux-64:
      - conda: https://conda.anaconda.org/conda-forge/linux-64/_go_select-2.3.0-cgo.tar.bz2
      - conda: https://conda.anaconda.org/conda-forge/linux-64/_openmp_mutex-4.5-20_gnu.conda
      - conda: https://conda.anaconda.org/conda-forge/linux-64/go-1.24.13-h282a287_0.conda
      - conda: https://conda.anaconda.org/conda-forge/linux-64/libgcc-15.2.0-he0feb66_18.conda
      - conda: https://conda.anaconda.org/conda-forge/linux-64/libgfortran-15.2.0-h69a702a_18.conda
      - conda: https://conda.anaconda.org/conda-forge/linux-64/libgfortran5-15.2.0-h68bc16d_18.conda
      - conda: https://conda.anaconda.org/conda-forge/linux-64/libgomp-15.2.0-he0feb66_18.conda
      - conda: https://conda.anaconda.org/conda-forge/linux-64/libstdcxx-15.2.0-h934c35e_18.conda
      osx-64:
      - conda: https://conda.anaconda.org/conda-forge/osx-64/_go_select-2.3.0-cgo.tar.bz2
      - conda: https://conda.anaconda.org/conda-forge/osx-64/_openmp_mutex-4.5-7_kmp_llvm.conda
      - conda: https://conda.anaconda.org/conda-forge/osx-64/go-1.24.13-h680abee_0.conda
      - conda: https://conda.anaconda.org/conda-forge/osx-64/libcxx-22.1.2-h19cb2f5_0.conda
      - conda: https://conda.anaconda.org/conda-forge/osx-64/libgcc-15.2.0-h08519bb_18.conda
      - conda: https://conda.anaconda.org/conda-forge/osx-64/libgfortran-15.2.0-h7e5c614_18.conda
      - conda: https://conda.anaconda.org/conda-forge/osx-64/libgfortran5-15.2.0-hd16e46c_18.conda
      - conda: https://conda.anaconda.org/conda-forge/osx-64/llvm-openmp-22.1.2-h0d3cbff_0.conda
      osx-arm64:
      - conda: https://conda.anaconda.org/conda-forge/osx-arm64/_go_select-2.3.0-cgo.tar.bz2
      - conda: https://conda.anaconda.org/conda-forge/osx-arm64/_openmp_mutex-4.5-7_kmp_llvm.conda
      - conda: https://conda.anaconda.org/conda-forge/osx-arm64/go-1.24.13-h4d9a54e_0.conda
      - conda: https://conda.anaconda.org/conda-forge/osx-arm64/libcxx-22.1.2-h55c6f16_0.conda
      - conda: https://conda.anaconda.org/conda-forge/osx-arm64/libgcc-15.2.0-hcbb3090_18.conda
      - conda: https://conda.anaconda.org/conda-forge/osx-arm64/libgfortran-15.2.0-h07b0088_18.conda
      - conda: https://conda.anaconda.org/conda-forge/osx-arm64/libgfortran5-15.2.0-hdae7583_18.conda
      - conda: https://conda.anaconda.org/conda-forge/osx-arm64/llvm-openmp-22.1.2-hc7d1edf_0.conda
packages:
- conda: https://conda.anaconda.org/conda-forge/linux-64/_go_select-2.3.0-cgo.tar.bz2
  sha256: d86836d4f3094b4ac149dcdc55f1f12be6e84ed1206a4234404a024e49769832
  md5: 76f94c0e00d08432e003a7b54a1adf53
  license: BSD-3-Clause
  license_family: BSD
  size: 4875
  timestamp: 1586504607438
- conda: https://conda.anaconda.org/conda-forge/osx-64/_go_select-2.3.0-cgo.tar.bz2
  sha256: faf9b29f369ccf41da3998b00945e56daa331d01a8ffe7832e45651db0716028
  md5: 4c1913031a736507963a5fb938cefe85
  license: BSD-3-Clause
  license_family: BSD
  size: 4770
  timestamp: 1586504733574
- conda: https://conda.anaconda.org/conda-forge/osx-arm64/_go_select-2.3.0-cgo.tar.bz2
  sha256: 5cd5dd9817d0d671ad3e2f85c967b4dcd1a297a686b7d5820e625e2f4f962558
  md5: 79a39651abfce773c2948175d9b62986
  license: BSD-3-Clause
  license_family: BSD
  size: 5074
  timestamp: 1627073534014
- conda: https://conda.anaconda.org/conda-forge/linux-64/_openmp_mutex-4.5-20_gnu.conda
  build_number: 20
  sha256: 1dd3fffd892081df9726d7eb7e0dea6198962ba775bd88842135a4ddb4deb3c9
  md5: a9f577daf3de00bca7c3c76c0ecbd1de
  depends:
  - __glibc >=2.17,<3.0.a0
  - libgomp >=7.5.0
  constrains:
  - openmp_impl <0.0a0
  license: BSD-3-Clause
  license_family: BSD
  size: 28948
  timestamp: 1770939786096
- conda: https://conda.anaconda.org/conda-forge/osx-64/_openmp_mutex-4.5-7_kmp_llvm.conda
  build_number: 7
  sha256: 30006902a9274de8abdad5a9f02ef7c8bb3d69a503486af0c1faee30b023e5b7
  md5: eaac87c21aff3ed21ad9656697bb8326
  depends:
  - llvm-openmp >=9.0.1
  license: BSD-3-Clause
  license_family: BSD
  size: 8328
  timestamp: 1764092562779
- conda: https://conda.anaconda.org/conda-forge/osx-arm64/_openmp_mutex-4.5-7_kmp_llvm.conda
  build_number: 7
  sha256: 7acaa2e0782cad032bdaf756b536874346ac1375745fb250e9bdd6a48a7ab3cd
  md5: a44032f282e7d2acdeb1c240308052dd
  depends:
  - llvm-openmp >=9.0.1
  license: BSD-3-Clause
  license_family: BSD
  size: 8325
  timestamp: 1764092507920
- conda: https://conda.anaconda.org/conda-forge/linux-64/go-1.24.13-h282a287_0.conda
  sha256: c78b09b255c9d942a0b696ce99fdb9755c7bf0c4ae0102736f7432175af3674b
  md5: 1c4d0b796bf76beab56282fac9c68097
  depends:
  - __glibc >=2.17,<3.0.a0
  - _go_select 2.3.0 cgo
  - libgcc >=14
  - libgfortran
  - libgfortran5 >=14.3.0
  - libstdcxx >=14
  constrains:
  - gxx_linux-64 14.*
  - gcc_linux-64 14.*
  - gfortran_linux-64 14.*
  license: BSD-3-Clause
  license_family: BSD
  size: 63444645
  timestamp: 1770645313729
- conda: https://conda.anaconda.org/conda-forge/osx-64/go-1.24.13-h680abee_0.conda
  sha256: ba1e183b7a42faff318580befa812e48b003212f8e486c1abcd4fa76a8a7f2d0
  md5: ed5790a464ba524a3adad8b36482dad4
  depends:
  - __osx >=10.14
  - _go_select 2.3.0 cgo
  - libcxx >=19
  - libgfortran
  - libgfortran5 >=14.3.0
  constrains:
  - gfortran_osx-64 14.*
  - clang_osx-64 19.*
  - clangxx_osx-64 19.*
  license: BSD-3-Clause
  license_family: BSD
  size: 62527883
  timestamp: 1770645290058
- conda: https://conda.anaconda.org/conda-forge/osx-arm64/go-1.24.13-h4d9a54e_0.conda
  sha256: 5baeff474f697f87dc4211dcf0f81ee7e3fadb8970a0d8b490d998c380003840
  md5: 3eadfee5e1a5755b1b23b31b37d64f22
  depends:
  - __osx >=11.0
  - _go_select 2.3.0 cgo
  - libcxx >=19
  - libgfortran
  - libgfortran5 >=14.3.0
  constrains:
  - gfortran_osx-arm64 14.*
  - clang_osx-arm64 19.*
  - clangxx_osx-arm64 19.*
  license: BSD-3-Clause
  license_family: BSD
  size: 100671851
  timestamp: 1770645761228
- conda: https://conda.anaconda.org/conda-forge/osx-64/libcxx-22.1.2-h19cb2f5_0.conda
  sha256: 46561199545890e050a8a90edcfce984e5f881da86b09388926e3a6c6b759dec
  md5: ed6f7b7a35f942a0301e581d72616f7d
  depends:
  - __osx >=11.0
  license: Apache-2.0 WITH LLVM-exception
  license_family: Apache
  size: 564908
  timestamp: 1774439353713
- conda: https://conda.anaconda.org/conda-forge/osx-arm64/libcxx-22.1.2-h55c6f16_0.conda
  sha256: d1402087c8792461bfc081629e8aa97e6e577a31ae0b84e6b9cc144a18f48067
  md5: 4280e0a7fd613b271e022e60dea0138c
  depends:
  - __osx >=11.0
  license: Apache-2.0 WITH LLVM-exception
  license_family: Apache
  size: 568094
  timestamp: 1774439202359
- conda: https://conda.anaconda.org/conda-forge/linux-64/libgcc-15.2.0-he0feb66_18.conda
  sha256: faf7d2017b4d718951e3a59d081eb09759152f93038479b768e3d612688f83f5
  md5: 0aa00f03f9e39fb9876085dee11a85d4
  depends:
  - __glibc >=2.17,<3.0.a0
  - _openmp_mutex >=4.5
  constrains:
  - libgcc-ng ==15.2.0=*_18
  - libgomp 15.2.0 he0feb66_18
  license: GPL-3.0-only WITH GCC-exception-3.1
  license_family: GPL
  size: 1041788
  timestamp: 1771378212382
- conda: https://conda.anaconda.org/conda-forge/osx-64/libgcc-15.2.0-h08519bb_18.conda
  sha256: 83366f11615ab234aa1e0797393f9e07b78124b5a24c4a9f8af0113d02df818e
  md5: 9a5cb96e43f5c2296690186e15b3296f
  depends:
  - _openmp_mutex
  constrains:
  - libgcc-ng ==15.2.0=*_18
  - libgomp 15.2.0 18
  license: GPL-3.0-only WITH GCC-exception-3.1
  license_family: GPL
  size: 423025
  timestamp: 1771378225170
- conda: https://conda.anaconda.org/conda-forge/osx-arm64/libgcc-15.2.0-hcbb3090_18.conda
  sha256: 1d9c4f35586adb71bcd23e31b68b7f3e4c4ab89914c26bed5f2859290be5560e
  md5: 92df6107310b1fff92c4cc84f0de247b
  depends:
  - _openmp_mutex
  constrains:
  - libgcc-ng ==15.2.0=*_18
  - libgomp 15.2.0 18
  license: GPL-3.0-only WITH GCC-exception-3.1
  license_family: GPL
  size: 401974
  timestamp: 1771378877463
- conda: https://conda.anaconda.org/conda-forge/linux-64/libgfortran-15.2.0-h69a702a_18.conda
  sha256: d2c9fad338fd85e4487424865da8e74006ab2e2475bd788f624d7a39b2a72aee
  md5: 9063115da5bc35fdc3e1002e69b9ef6e
  depends:
  - libgfortran5 15.2.0 h68bc16d_18
  constrains:
  - libgfortran-ng ==15.2.0=*_18
  license: GPL-3.0-only WITH GCC-exception-3.1
  license_family: GPL
  size: 27523
  timestamp: 1771378269450
- conda: https://conda.anaconda.org/conda-forge/osx-64/libgfortran-15.2.0-h7e5c614_18.conda
  sha256: fb06c2a2ef06716a0f2a6550f5d13cdd1d89365993068512b7ae3c34e6e665d9
  md5: 34a9f67498721abcfef00178bcf4b190
  depends:
  - libgfortran5 15.2.0 hd16e46c_18
  constrains:
  - libgfortran-ng ==15.2.0=*_18
  license: GPL-3.0-only WITH GCC-exception-3.1
  license_family: GPL
  size: 139761
  timestamp: 1771378423828
- conda: https://conda.anaconda.org/conda-forge/osx-arm64/libgfortran-15.2.0-h07b0088_18.conda
  sha256: 63f89087c3f0c8621c5c89ecceec1e56e5e1c84f65fc9c5feca33a07c570a836
  md5: 26981599908ed2205366e8fc91b37fc6
  depends:
  - libgfortran5 15.2.0 hdae7583_18
  constrains:
  - libgfortran-ng ==15.2.0=*_18
  license: GPL-3.0-only WITH GCC-exception-3.1
  license_family: GPL
  size: 138973
  timestamp: 1771379054939
- conda: https://conda.anaconda.org/conda-forge/linux-64/libgfortran5-15.2.0-h68bc16d_18.conda
  sha256: 539b57cf50ec85509a94ba9949b7e30717839e4d694bc94f30d41c9d34de2d12
  md5: 646855f357199a12f02a87382d429b75
  depends:
  - __glibc >=2.17,<3.0.a0
  - libgcc >=15.2.0
  constrains:
  - libgfortran 15.2.0
  license: GPL-3.0-only WITH GCC-exception-3.1
  license_family: GPL
  size: 2482475
  timestamp: 1771378241063
- conda: https://conda.anaconda.org/conda-forge/osx-64/libgfortran5-15.2.0-hd16e46c_18.conda
  sha256: ddaf9dcf008c031b10987991aa78643e03c24a534ad420925cbd5851b31faa11
  md5: ca52daf58cea766656266c8771d8be81
  depends:
  - libgcc >=15.2.0
  constrains:
  - libgfortran 15.2.0
  license: GPL-3.0-only WITH GCC-exception-3.1
  license_family: GPL
  size: 1062274
  timestamp: 1771378232014
- conda: https://conda.anaconda.org/conda-forge/osx-arm64/libgfortran5-15.2.0-hdae7583_18.conda
  sha256: 91033978ba25e6a60fb86843cf7e1f7dc8ad513f9689f991c9ddabfaf0361e7e
  md5: c4a6f7989cffb0544bfd9207b6789971
  depends:
  - libgcc >=15.2.0
  constrains:
  - libgfortran 15.2.0
  license: GPL-3.0-only WITH GCC-exception-3.1
  license_family: GPL
  size: 598634
  timestamp: 1771378886363
- conda: https://conda.anaconda.org/conda-forge/linux-64/libgomp-15.2.0-he0feb66_18.conda
  sha256: 21337ab58e5e0649d869ab168d4e609b033509de22521de1bfed0c031bfc5110
  md5: 239c5e9546c38a1e884d69effcf4c882
  depends:
  - __glibc >=2.17,<3.0.a0
  license: GPL-3.0-only WITH GCC-exception-3.1
  license_family: GPL
  size: 603262
  timestamp: 1771378117851
- conda: https://conda.anaconda.org/conda-forge/linux-64/libstdcxx-15.2.0-h934c35e_18.conda
  sha256: 78668020064fdaa27e9ab65cd2997e2c837b564ab26ce3bf0e58a2ce1a525c6e
  md5: 1b08cd684f34175e4514474793d44bcb
  depends:
  - __glibc >=2.17,<3.0.a0
  - libgcc 15.2.0 he0feb66_18
  constrains:
  - libstdcxx-ng ==15.2.0=*_18
  license: GPL-3.0-only WITH GCC-exception-3.1
  license_family: GPL
  size: 5852330
  timestamp: 1771378262446
- conda: https://conda.anaconda.org/conda-forge/osx-64/llvm-openmp-22.1.2-h0d3cbff_0.conda
  sha256: 5dc4c6f21d97d608d5889227e36f77e3316be63464000df4b23194a9b10d1017
  md5: 2f82b78f43520355ae2d297fecde25fd
  depends:
  - __osx >=11.0
  constrains:
  - openmp 22.1.2|22.1.2.*
  - intel-openmp <0.0a0
  license: Apache-2.0 WITH LLVM-exception
  license_family: APACHE
  size: 310956
  timestamp: 1774732996355
- conda: https://conda.anaconda.org/conda-forge/osx-arm64/llvm-openmp-22.1.2-hc7d1edf_0.conda
  sha256: d8acb8e790312346a286f7168380ca3ce86d5982fb073df6e0fbec1e51fa47a1
  md5: 9c162044093d8d689836dafe3c27fe06
  depends:
  - __osx >=11.0
  constrains:
  - intel-openmp <0.0a0
  - openmp 22.1.2|22.1.2.*
  license: Apache-2.0 WITH LLVM-exception
  license_family: APACHE
  size: 285695
  timestamp: 1774733561929
